// !$*UTF8*$!
{
	archiveVersion = 1;
	classes = {
	};
	objectVersion = 51;
	objects = {

/* Begin PBXBuildFile section */
		64974DE87DC769895290DAC7 /* Pods_TerraTests.framework in Frameworks */ = {isa = PBXBuildFile; fileRef = 0A3AFB63DAA70601F9AAC8BA /* Pods_TerraTests.framework */; };
		970B172524C2699E007F32E0 /* SpeciesDetailViewController.swift in Sources */ = {isa = PBXBuildFile; fileRef = 970B172424C2699E007F32E0 /* SpeciesDetailViewController.swift */; };
		9711D8F724BD199700C2E6F1 /* Species.swift in Sources */ = {isa = PBXBuildFile; fileRef = 9711D8F624BD199700C2E6F1 /* Species.swift */; };
		9711D8FC24BD42C800C2E6F1 /* FirestoresService.swift in Sources */ = {isa = PBXBuildFile; fileRef = 9711D8FB24BD42C800C2E6F1 /* FirestoresService.swift */; };
		9723E7AA24D3505C0038ECB6 /* SpeciesAnnotation.swift in Sources */ = {isa = PBXBuildFile; fileRef = 9723E7A924D3505C0038ECB6 /* SpeciesAnnotation.swift */; };
		9729736F24DC9E3400123C86 /* DoubleExtensions.swift in Sources */ = {isa = PBXBuildFile; fileRef = 9729736E24DC9E3400123C86 /* DoubleExtensions.swift */; };
		972A615024C94C6800A59AB6 /* Species.swift in Sources */ = {isa = PBXBuildFile; fileRef = 9711D8F624BD199700C2E6F1 /* Species.swift */; };
		972A615224C94C6C00A59AB6 /* ConservationStatus.swift in Sources */ = {isa = PBXBuildFile; fileRef = 97E9450324BE10C800550824 /* ConservationStatus.swift */; };
		972A615324C94C6E00A59AB6 /* Diet.swift in Sources */ = {isa = PBXBuildFile; fileRef = 97D9E24A24C6470600524000 /* Diet.swift */; };
		972A615424C94C7000A59AB6 /* PopulationTrend.swift in Sources */ = {isa = PBXBuildFile; fileRef = 974CC98324C64F0E00E4EF85 /* PopulationTrend.swift */; };
		972A615724C94C7A00A59AB6 /* FirestoresService.swift in Sources */ = {isa = PBXBuildFile; fileRef = 9711D8FB24BD42C800C2E6F1 /* FirestoresService.swift */; };
		972BBF7724C01FA900B6F7C0 /* PSORoundedVisualEffectView.swift in Sources */ = {isa = PBXBuildFile; fileRef = 972BBF7624C01FA900B6F7C0 /* PSORoundedVisualEffectView.swift */; };
		972BBF7924C0204600B6F7C0 /* UIViewExtensions.swift in Sources */ = {isa = PBXBuildFile; fileRef = 972BBF7824C0204600B6F7C0 /* UIViewExtensions.swift */; };
		972BBF7E24C026CD00B6F7C0 /* Roboto-Bold.ttf in Resources */ = {isa = PBXBuildFile; fileRef = 972BBF7B24C0256F00B6F7C0 /* Roboto-Bold.ttf */; };
		972BBF7F24C026CF00B6F7C0 /* Roboto-Medium.ttf in Resources */ = {isa = PBXBuildFile; fileRef = 972BBF7C24C0257600B6F7C0 /* Roboto-Medium.ttf */; };
		972BBF8024C026D100B6F7C0 /* Roboto-Light.ttf in Resources */ = {isa = PBXBuildFile; fileRef = 972BBF7D24C0257B00B6F7C0 /* Roboto-Light.ttf */; };
		97452E4623E1E6C7005636E0 /* SpeciesCollectionViewCell.swift in Sources */ = {isa = PBXBuildFile; fileRef = 97452E4523E1E6C7005636E0 /* SpeciesCollectionViewCell.swift */; };
		97452E4823E1EEE9005636E0 /* GradientView.swift in Sources */ = {isa = PBXBuildFile; fileRef = 97452E4723E1EEE9005636E0 /* GradientView.swift */; };
		974B752124DFFC72006C3D1D /* StringExtensions.swift in Sources */ = {isa = PBXBuildFile; fileRef = 97F4E00924D757C600509694 /* StringExtensions.swift */; };
		974B752224E002AF006C3D1D /* NewsViewModel.swift in Sources */ = {isa = PBXBuildFile; fileRef = 9772515A24DF800C0052A3F6 /* NewsViewModel.swift */; };
		974B752324E002B2006C3D1D /* SpeciesViewModel.swift in Sources */ = {isa = PBXBuildFile; fileRef = 976DA46524DFCAF9003F3197 /* SpeciesViewModel.swift */; };
		974B752424E0053F006C3D1D /* NewsViewModelDelegate.swift in Sources */ = {isa = PBXBuildFile; fileRef = 9772516124DFA6C40052A3F6 /* NewsViewModelDelegate.swift */; };
		974B752524E00544006C3D1D /* SpeciesViewModelDelegate.swift in Sources */ = {isa = PBXBuildFile; fileRef = 976DA46724DFCB5F003F3197 /* SpeciesViewModelDelegate.swift */; };
		974B752624E00562006C3D1D /* NewsAPI.swift in Sources */ = {isa = PBXBuildFile; fileRef = 9772515E24DF814A0052A3F6 /* NewsAPI.swift */; };
		974B752724E0056A006C3D1D /* ToolBarSelectedButton.swift in Sources */ = {isa = PBXBuildFile; fileRef = 97591FDB24CC4524002EAC96 /* ToolBarSelectedButton.swift */; };
		974B752824E00583006C3D1D /* APIClient.swift in Sources */ = {isa = PBXBuildFile; fileRef = 9772515C24DF80FB0052A3F6 /* APIClient.swift */; };
		974B752924E0058E006C3D1D /* Secrets.swift in Sources */ = {isa = PBXBuildFile; fileRef = 9764D12A24D7DD820050AF37 /* Secrets.swift */; };
		974B752A24E00595006C3D1D /* NewsResponse.swift in Sources */ = {isa = PBXBuildFile; fileRef = 9772515824DF7F9C0052A3F6 /* NewsResponse.swift */; };
		974CC98424C64F0F00E4EF85 /* PopulationTrend.swift in Sources */ = {isa = PBXBuildFile; fileRef = 974CC98324C64F0E00E4EF85 /* PopulationTrend.swift */; };
		975812E924D4EDF900C09D56 /* SpeciesStrategy.swift in Sources */ = {isa = PBXBuildFile; fileRef = 975812E824D4EDF900C09D56 /* SpeciesStrategy.swift */; };
		975812EB24D4EF9400C09D56 /* SpeciesOverviewStrategy.swift in Sources */ = {isa = PBXBuildFile; fileRef = 975812EA24D4EF9400C09D56 /* SpeciesOverviewStrategy.swift */; };
		975812ED24D528E100C09D56 /* SpeciesThreatsStrategy.swift in Sources */ = {isa = PBXBuildFile; fileRef = 975812EC24D528E100C09D56 /* SpeciesThreatsStrategy.swift */; };
		975812F124D52F7B00C09D56 /* SpeciesHabitatStrategy.swift in Sources */ = {isa = PBXBuildFile; fileRef = 975812F024D52F7B00C09D56 /* SpeciesHabitatStrategy.swift */; };
		975812F324D530AA00C09D56 /* SpeciesGalleryStrategy.swift in Sources */ = {isa = PBXBuildFile; fileRef = 975812F224D530AA00C09D56 /* SpeciesGalleryStrategy.swift */; };
		975812F524D539D500C09D56 /* Biome.swift in Sources */ = {isa = PBXBuildFile; fileRef = 975812F424D539D500C09D56 /* Biome.swift */; };
		97591FD424CB8D46002EAC96 /* RoundedInfoView.swift in Sources */ = {isa = PBXBuildFile; fileRef = 97591FD324CB8D46002EAC96 /* RoundedInfoView.swift */; };
		97591FDC24CC4524002EAC96 /* ToolBarSelectedButton.swift in Sources */ = {isa = PBXBuildFile; fileRef = 97591FDB24CC4524002EAC96 /* ToolBarSelectedButton.swift */; };
		97591FDF24CCD14A002EAC96 /* Constants.swift in Sources */ = {isa = PBXBuildFile; fileRef = 97591FDE24CCD14A002EAC96 /* Constants.swift */; };
		97591FE024CCD2E9002EAC96 /* Constants.swift in Sources */ = {isa = PBXBuildFile; fileRef = 97591FDE24CCD14A002EAC96 /* Constants.swift */; };
		97591FE324CCDC48002EAC96 /* FontWeight.swift in Sources */ = {isa = PBXBuildFile; fileRef = 97591FE224CCDC48002EAC96 /* FontWeight.swift */; };
		9764D12924D7DC250050AF37 /* NewsArticle.swift in Sources */ = {isa = PBXBuildFile; fileRef = 9764D12824D7DC250050AF37 /* NewsArticle.swift */; };
		9764D12B24D7DD820050AF37 /* Secrets.swift in Sources */ = {isa = PBXBuildFile; fileRef = 9764D12A24D7DD820050AF37 /* Secrets.swift */; };
		9764D12E24D7E46E0050AF37 /* NewsArticleTableViewCell.swift in Sources */ = {isa = PBXBuildFile; fileRef = 9764D12D24D7E46E0050AF37 /* NewsArticleTableViewCell.swift */; };
		9764D13124D9D07F0050AF37 /* ToolBarVCStrategy.swift in Sources */ = {isa = PBXBuildFile; fileRef = 9764D13024D9D07F0050AF37 /* ToolBarVCStrategy.swift */; };
		9764D13324D9D0E90050AF37 /* ToolBarListVCStrategy.swift in Sources */ = {isa = PBXBuildFile; fileRef = 9764D13224D9D0E90050AF37 /* ToolBarListVCStrategy.swift */; };
		9764D13524D9D1A20050AF37 /* ToolBarDetailVCStrategy.swift in Sources */ = {isa = PBXBuildFile; fileRef = 9764D13424D9D1A20050AF37 /* ToolBarDetailVCStrategy.swift */; };
		9767D04C24C3EA9200384FCD /* DetailSubheaderView.swift in Sources */ = {isa = PBXBuildFile; fileRef = 9767D04B24C3EA9200384FCD /* DetailSubheaderView.swift */; };
		97682CC524D550BB000E5B30 /* Biome.swift in Sources */ = {isa = PBXBuildFile; fileRef = 975812F424D539D500C09D56 /* Biome.swift */; };
		97682CC724D5EAA3000E5B30 /* Population.swift in Sources */ = {isa = PBXBuildFile; fileRef = 97682CC624D5EAA3000E5B30 /* Population.swift */; };
		97682CC824D5EB79000E5B30 /* Population.swift in Sources */ = {isa = PBXBuildFile; fileRef = 97682CC624D5EAA3000E5B30 /* Population.swift */; };
		97682CCA24D634AA000E5B30 /* RoundedInfoViewDelegate.swift in Sources */ = {isa = PBXBuildFile; fileRef = 97682CC924D634AA000E5B30 /* RoundedInfoViewDelegate.swift */; };
		976D585924CFA04400FC7458 /* UIButtonExtensions.swift in Sources */ = {isa = PBXBuildFile; fileRef = 976D585824CFA04400FC7458 /* UIButtonExtensions.swift */; };
		976DA46624DFCAF9003F3197 /* SpeciesViewModel.swift in Sources */ = {isa = PBXBuildFile; fileRef = 976DA46524DFCAF9003F3197 /* SpeciesViewModel.swift */; };
		976DA46824DFCB5F003F3197 /* SpeciesViewModelDelegate.swift in Sources */ = {isa = PBXBuildFile; fileRef = 976DA46724DFCB5F003F3197 /* SpeciesViewModelDelegate.swift */; };
		976FB55324D367AE00848E35 /* Roboto-Regular.ttf in Resources */ = {isa = PBXBuildFile; fileRef = 97591FE124CCDC28002EAC96 /* Roboto-Regular.ttf */; };
		976FB55524D367E400848E35 /* Roboto-Light-Italic.ttf in Resources */ = {isa = PBXBuildFile; fileRef = 976FB55424D367E400848E35 /* Roboto-Light-Italic.ttf */; };
		9772515724DF66A90052A3F6 /* CustomAnnotationView.swift in Sources */ = {isa = PBXBuildFile; fileRef = 9772515624DF66A90052A3F6 /* CustomAnnotationView.swift */; };
		9772515924DF7F9C0052A3F6 /* NewsResponse.swift in Sources */ = {isa = PBXBuildFile; fileRef = 9772515824DF7F9C0052A3F6 /* NewsResponse.swift */; };
		9772515B24DF800C0052A3F6 /* NewsViewModel.swift in Sources */ = {isa = PBXBuildFile; fileRef = 9772515A24DF800C0052A3F6 /* NewsViewModel.swift */; };
		9772515D24DF80FB0052A3F6 /* APIClient.swift in Sources */ = {isa = PBXBuildFile; fileRef = 9772515C24DF80FB0052A3F6 /* APIClient.swift */; };
		9772515F24DF814A0052A3F6 /* NewsAPI.swift in Sources */ = {isa = PBXBuildFile; fileRef = 9772515E24DF814A0052A3F6 /* NewsAPI.swift */; };
		9772516224DFA6C40052A3F6 /* NewsViewModelDelegate.swift in Sources */ = {isa = PBXBuildFile; fileRef = 9772516124DFA6C40052A3F6 /* NewsViewModelDelegate.swift */; };
		977D876C24CD3A6100AE5E51 /* Taxonomy.swift in Sources */ = {isa = PBXBuildFile; fileRef = 977D876B24CD3A6100AE5E51 /* Taxonomy.swift */; };
		977D876E24CD698500AE5E51 /* Taxonomy.swift in Sources */ = {isa = PBXBuildFile; fileRef = 977D876B24CD3A6100AE5E51 /* Taxonomy.swift */; };
		977D877024CD6A1200AE5E51 /* Group.swift in Sources */ = {isa = PBXBuildFile; fileRef = 977D876F24CD6A1200AE5E51 /* Group.swift */; };
		977D877224CD7BFF00AE5E51 /* Habitat.swift in Sources */ = {isa = PBXBuildFile; fileRef = 977D877124CD7BFF00AE5E51 /* Habitat.swift */; };
		977D877424CE0D8C00AE5E51 /* DonateButton.swift in Sources */ = {isa = PBXBuildFile; fileRef = 977D877324CE0D8C00AE5E51 /* DonateButton.swift */; };
		977D877624CE1F3800AE5E51 /* UIRoundedButtonWithGradientAndShadow.swift in Sources */ = {isa = PBXBuildFile; fileRef = 977D877524CE1F3700AE5E51 /* UIRoundedButtonWithGradientAndShadow.swift */; };
		977D877824CE504C00AE5E51 /* speciesModelTestData.json in Resources */ = {isa = PBXBuildFile; fileRef = 977D877724CE504C00AE5E51 /* speciesModelTestData.json */; };
		977D877924CE540800AE5E51 /* FirebaseConvertible.swift in Sources */ = {isa = PBXBuildFile; fileRef = 97928F7A24CD347200AF90C5 /* FirebaseConvertible.swift */; };
		9782524024DFFC3600B9F6FC /* NewsArticle.swift in Sources */ = {isa = PBXBuildFile; fileRef = 9764D12824D7DC250050AF37 /* NewsArticle.swift */; };
		978E5CF223FB5CBC007BCD25 /* GoogleService-Info.plist in Resources */ = {isa = PBXBuildFile; fileRef = 978E5CF123FB5CBC007BCD25 /* GoogleService-Info.plist */; };
		97928F7924CD11BF00AF90C5 /* FirestoreError.swift in Sources */ = {isa = PBXBuildFile; fileRef = 97928F7824CD11BF00AF90C5 /* FirestoreError.swift */; };
		97928F7B24CD347200AF90C5 /* FirebaseConvertible.swift in Sources */ = {isa = PBXBuildFile; fileRef = 97928F7A24CD347200AF90C5 /* FirebaseConvertible.swift */; };
		97947F5324DD1F560047052B /* CustomCalloutView.swift in Sources */ = {isa = PBXBuildFile; fileRef = 97947F5224DD1F560047052B /* CustomCalloutView.swift */; };
		97997F2C24DCE18B00981087 /* MGLMapViewController.swift in Sources */ = {isa = PBXBuildFile; fileRef = 97997F2B24DCE18B00981087 /* MGLMapViewController.swift */; };
		979C191423DE43E900651B2B /* AppDelegate.swift in Sources */ = {isa = PBXBuildFile; fileRef = 979C191323DE43E900651B2B /* AppDelegate.swift */; };
		979C191623DE43E900651B2B /* SceneDelegate.swift in Sources */ = {isa = PBXBuildFile; fileRef = 979C191523DE43E900651B2B /* SceneDelegate.swift */; };
		979C191D23DE43EF00651B2B /* Assets.xcassets in Resources */ = {isa = PBXBuildFile; fileRef = 979C191C23DE43EF00651B2B /* Assets.xcassets */; };
		979C192023DE43EF00651B2B /* LaunchScreen.storyboard in Resources */ = {isa = PBXBuildFile; fileRef = 979C191E23DE43EF00651B2B /* LaunchScreen.storyboard */; };
		979C192B23DE43EF00651B2B /* TerraTests.swift in Sources */ = {isa = PBXBuildFile; fileRef = 979C192A23DE43EF00651B2B /* TerraTests.swift */; };
		97A2BC7224CE5578000D6B2D /* FirestoreError.swift in Sources */ = {isa = PBXBuildFile; fileRef = 97928F7824CD11BF00AF90C5 /* FirestoreError.swift */; };
		97A2BC7324CE559F000D6B2D /* FontWeight.swift in Sources */ = {isa = PBXBuildFile; fileRef = 97591FE224CCDC48002EAC96 /* FontWeight.swift */; };
		97B406A724E1FDED00A79E98 /* LearnMoreViewController.swift in Sources */ = {isa = PBXBuildFile; fileRef = 97B406A624E1FDED00A79E98 /* LearnMoreViewController.swift */; };
		97B68CD424BBB0AC005B8AB8 /* DetailHeaderNameView.swift in Sources */ = {isa = PBXBuildFile; fileRef = 97B68CD324BBB0AC005B8AB8 /* DetailHeaderNameView.swift */; };
		97BF745323DF42F90058F2D7 /* SpeciesListViewController.swift in Sources */ = {isa = PBXBuildFile; fileRef = 97BF745223DF42F90058F2D7 /* SpeciesListViewController.swift */; };
		97D5946424CE7E49001BD566 /* toolBar.swift in Sources */ = {isa = PBXBuildFile; fileRef = 97D5946324CE7E49001BD566 /* toolBar.swift */; };
		97D9E24B24C6470700524000 /* Diet.swift in Sources */ = {isa = PBXBuildFile; fileRef = 97D9E24A24C6470600524000 /* Diet.swift */; };
		97DD101D24C69EB000A21DF4 /* ToolBarDelegate.swift in Sources */ = {isa = PBXBuildFile; fileRef = 97DD101C24C69EB000A21DF4 /* ToolBarDelegate.swift */; };
		97E61B8024CE54A100E83691 /* Habitat.swift in Sources */ = {isa = PBXBuildFile; fileRef = 977D877124CD7BFF00AE5E51 /* Habitat.swift */; };
		97E61B8124CE54A800E83691 /* Group.swift in Sources */ = {isa = PBXBuildFile; fileRef = 977D876F24CD6A1200AE5E51 /* Group.swift */; };
		97E9450424BE10C800550824 /* ConservationStatus.swift in Sources */ = {isa = PBXBuildFile; fileRef = 97E9450324BE10C800550824 /* ConservationStatus.swift */; };
		97EA493A24E3B7ED00C0FE64 /* OverviewSummaryView.swift in Sources */ = {isa = PBXBuildFile; fileRef = 97EA493924E3B7ED00C0FE64 /* OverviewSummaryView.swift */; };
		97EA493C24E3BEC200C0FE64 /* OverviewDistributionView.swift in Sources */ = {isa = PBXBuildFile; fileRef = 97EA493B24E3BEC200C0FE64 /* OverviewDistributionView.swift */; };
		97EDD4F024D36D0A00D30674 /* FirebaseStorageManager.swift in Sources */ = {isa = PBXBuildFile; fileRef = 97EDD4EF24D36D0A00D30674 /* FirebaseStorageManager.swift */; };
		97F0CCA924C56F5C00C581D3 /* UIScrollViewExtensions.swift in Sources */ = {isa = PBXBuildFile; fileRef = 97F0CCA824C56F5C00C581D3 /* UIScrollViewExtensions.swift */; };
		97F4E00A24D757C600509694 /* StringExtensions.swift in Sources */ = {isa = PBXBuildFile; fileRef = 97F4E00924D757C600509694 /* StringExtensions.swift */; };
		97F7B42824C56886007AEE97 /* DonateButtonDelegate.swift in Sources */ = {isa = PBXBuildFile; fileRef = 97F7B42724C56886007AEE97 /* DonateButtonDelegate.swift */; };
		97FAD4E724D75B20007FEFD8 /* TabBarController.swift in Sources */ = {isa = PBXBuildFile; fileRef = 97FAD4E624D75B20007FEFD8 /* TabBarController.swift */; };
		97FAD4E924D75DBD007FEFD8 /* NewsViewController.swift in Sources */ = {isa = PBXBuildFile; fileRef = 97FAD4E824D75DBD007FEFD8 /* NewsViewController.swift */; };
		97FEAEAC24BE5FCC005BAEFE /* Factory.swift in Sources */ = {isa = PBXBuildFile; fileRef = 97FEAEAB24BE5FCC005BAEFE /* Factory.swift */; };
		9AF95072B2E5408B3C94BFD7 /* Pods_Terra.framework in Frameworks */ = {isa = PBXBuildFile; fileRef = EB2A51231E5DA047829EC780 /* Pods_Terra.framework */; };
/* End PBXBuildFile section */

/* Begin PBXContainerItemProxy section */
		979C192723DE43EF00651B2B /* PBXContainerItemProxy */ = {
			isa = PBXContainerItemProxy;
			containerPortal = 979C190823DE43E900651B2B /* Project object */;
			proxyType = 1;
			remoteGlobalIDString = 979C190F23DE43E900651B2B;
			remoteInfo = Terra;
		};
/* End PBXContainerItemProxy section */

/* Begin PBXFileReference section */
		0A3AFB63DAA70601F9AAC8BA /* Pods_TerraTests.framework */ = {isa = PBXFileReference; explicitFileType = wrapper.framework; includeInIndex = 0; path = Pods_TerraTests.framework; sourceTree = BUILT_PRODUCTS_DIR; };
		7D7128A691AFAE5420EA1959 /* Pods-TerraTests.debug.xcconfig */ = {isa = PBXFileReference; includeInIndex = 1; lastKnownFileType = text.xcconfig; name = "Pods-TerraTests.debug.xcconfig"; path = "Target Support Files/Pods-TerraTests/Pods-TerraTests.debug.xcconfig"; sourceTree = "<group>"; };
		970B172424C2699E007F32E0 /* SpeciesDetailViewController.swift */ = {isa = PBXFileReference; lastKnownFileType = sourcecode.swift; path = SpeciesDetailViewController.swift; sourceTree = "<group>"; };
		9711D8F624BD199700C2E6F1 /* Species.swift */ = {isa = PBXFileReference; lastKnownFileType = sourcecode.swift; path = Species.swift; sourceTree = "<group>"; };
		9711D8FB24BD42C800C2E6F1 /* FirestoresService.swift */ = {isa = PBXFileReference; lastKnownFileType = sourcecode.swift; path = FirestoresService.swift; sourceTree = "<group>"; };
		9723E7A924D3505C0038ECB6 /* SpeciesAnnotation.swift */ = {isa = PBXFileReference; lastKnownFileType = sourcecode.swift; path = SpeciesAnnotation.swift; sourceTree = "<group>"; };
		9723E7AB24D353330038ECB6 /* MapKit.framework */ = {isa = PBXFileReference; lastKnownFileType = wrapper.framework; name = MapKit.framework; path = System/Library/Frameworks/MapKit.framework; sourceTree = SDKROOT; };
		9729736E24DC9E3400123C86 /* DoubleExtensions.swift */ = {isa = PBXFileReference; lastKnownFileType = sourcecode.swift; path = DoubleExtensions.swift; sourceTree = "<group>"; };
		972BBF7624C01FA900B6F7C0 /* PSORoundedVisualEffectView.swift */ = {isa = PBXFileReference; lastKnownFileType = sourcecode.swift; path = PSORoundedVisualEffectView.swift; sourceTree = "<group>"; };
		972BBF7824C0204600B6F7C0 /* UIViewExtensions.swift */ = {isa = PBXFileReference; lastKnownFileType = sourcecode.swift; path = UIViewExtensions.swift; sourceTree = "<group>"; };
		972BBF7B24C0256F00B6F7C0 /* Roboto-Bold.ttf */ = {isa = PBXFileReference; lastKnownFileType = file; path = "Roboto-Bold.ttf"; sourceTree = "<group>"; };
		972BBF7C24C0257600B6F7C0 /* Roboto-Medium.ttf */ = {isa = PBXFileReference; lastKnownFileType = file; path = "Roboto-Medium.ttf"; sourceTree = "<group>"; };
		972BBF7D24C0257B00B6F7C0 /* Roboto-Light.ttf */ = {isa = PBXFileReference; lastKnownFileType = file; path = "Roboto-Light.ttf"; sourceTree = "<group>"; };
		97452E4523E1E6C7005636E0 /* SpeciesCollectionViewCell.swift */ = {isa = PBXFileReference; lastKnownFileType = sourcecode.swift; path = SpeciesCollectionViewCell.swift; sourceTree = "<group>"; };
		97452E4723E1EEE9005636E0 /* GradientView.swift */ = {isa = PBXFileReference; lastKnownFileType = sourcecode.swift; path = GradientView.swift; sourceTree = "<group>"; };
		974CC98324C64F0E00E4EF85 /* PopulationTrend.swift */ = {isa = PBXFileReference; lastKnownFileType = sourcecode.swift; path = PopulationTrend.swift; sourceTree = "<group>"; };
		975812E824D4EDF900C09D56 /* SpeciesStrategy.swift */ = {isa = PBXFileReference; lastKnownFileType = sourcecode.swift; path = SpeciesStrategy.swift; sourceTree = "<group>"; };
		975812EA24D4EF9400C09D56 /* SpeciesOverviewStrategy.swift */ = {isa = PBXFileReference; lastKnownFileType = sourcecode.swift; path = SpeciesOverviewStrategy.swift; sourceTree = "<group>"; };
		975812EC24D528E100C09D56 /* SpeciesThreatsStrategy.swift */ = {isa = PBXFileReference; lastKnownFileType = sourcecode.swift; path = SpeciesThreatsStrategy.swift; sourceTree = "<group>"; };
		975812F024D52F7B00C09D56 /* SpeciesHabitatStrategy.swift */ = {isa = PBXFileReference; lastKnownFileType = sourcecode.swift; path = SpeciesHabitatStrategy.swift; sourceTree = "<group>"; };
		975812F224D530AA00C09D56 /* SpeciesGalleryStrategy.swift */ = {isa = PBXFileReference; lastKnownFileType = sourcecode.swift; path = SpeciesGalleryStrategy.swift; sourceTree = "<group>"; };
		975812F424D539D500C09D56 /* Biome.swift */ = {isa = PBXFileReference; lastKnownFileType = sourcecode.swift; path = Biome.swift; sourceTree = "<group>"; };
		97591FD324CB8D46002EAC96 /* RoundedInfoView.swift */ = {isa = PBXFileReference; lastKnownFileType = sourcecode.swift; path = RoundedInfoView.swift; sourceTree = "<group>"; };
		97591FDB24CC4524002EAC96 /* ToolBarSelectedButton.swift */ = {isa = PBXFileReference; lastKnownFileType = sourcecode.swift; path = ToolBarSelectedButton.swift; sourceTree = "<group>"; };
		97591FDE24CCD14A002EAC96 /* Constants.swift */ = {isa = PBXFileReference; lastKnownFileType = sourcecode.swift; path = Constants.swift; sourceTree = "<group>"; };
		97591FE124CCDC28002EAC96 /* Roboto-Regular.ttf */ = {isa = PBXFileReference; lastKnownFileType = file; path = "Roboto-Regular.ttf"; sourceTree = "<group>"; };
		97591FE224CCDC48002EAC96 /* FontWeight.swift */ = {isa = PBXFileReference; lastKnownFileType = sourcecode.swift; path = FontWeight.swift; sourceTree = "<group>"; };
		9764D12824D7DC250050AF37 /* NewsArticle.swift */ = {isa = PBXFileReference; lastKnownFileType = sourcecode.swift; path = NewsArticle.swift; sourceTree = "<group>"; };
		9764D12A24D7DD820050AF37 /* Secrets.swift */ = {isa = PBXFileReference; lastKnownFileType = sourcecode.swift; path = Secrets.swift; sourceTree = "<group>"; };
		9764D12D24D7E46E0050AF37 /* NewsArticleTableViewCell.swift */ = {isa = PBXFileReference; lastKnownFileType = sourcecode.swift; path = NewsArticleTableViewCell.swift; sourceTree = "<group>"; };
		9764D13024D9D07F0050AF37 /* ToolBarVCStrategy.swift */ = {isa = PBXFileReference; lastKnownFileType = sourcecode.swift; path = ToolBarVCStrategy.swift; sourceTree = "<group>"; };
		9764D13224D9D0E90050AF37 /* ToolBarListVCStrategy.swift */ = {isa = PBXFileReference; lastKnownFileType = sourcecode.swift; path = ToolBarListVCStrategy.swift; sourceTree = "<group>"; };
		9764D13424D9D1A20050AF37 /* ToolBarDetailVCStrategy.swift */ = {isa = PBXFileReference; lastKnownFileType = sourcecode.swift; path = ToolBarDetailVCStrategy.swift; sourceTree = "<group>"; };
		9767D04B24C3EA9200384FCD /* DetailSubheaderView.swift */ = {isa = PBXFileReference; lastKnownFileType = sourcecode.swift; path = DetailSubheaderView.swift; sourceTree = "<group>"; };
		97682CC624D5EAA3000E5B30 /* Population.swift */ = {isa = PBXFileReference; lastKnownFileType = sourcecode.swift; path = Population.swift; sourceTree = "<group>"; };
		97682CC924D634AA000E5B30 /* RoundedInfoViewDelegate.swift */ = {isa = PBXFileReference; lastKnownFileType = sourcecode.swift; path = RoundedInfoViewDelegate.swift; sourceTree = "<group>"; };
		976D585824CFA04400FC7458 /* UIButtonExtensions.swift */ = {isa = PBXFileReference; lastKnownFileType = sourcecode.swift; path = UIButtonExtensions.swift; sourceTree = "<group>"; };
		976DA46524DFCAF9003F3197 /* SpeciesViewModel.swift */ = {isa = PBXFileReference; lastKnownFileType = sourcecode.swift; path = SpeciesViewModel.swift; sourceTree = "<group>"; };
		976DA46724DFCB5F003F3197 /* SpeciesViewModelDelegate.swift */ = {isa = PBXFileReference; lastKnownFileType = sourcecode.swift; path = SpeciesViewModelDelegate.swift; sourceTree = "<group>"; };
		976FB55424D367E400848E35 /* Roboto-Light-Italic.ttf */ = {isa = PBXFileReference; lastKnownFileType = file; path = "Roboto-Light-Italic.ttf"; sourceTree = "<group>"; };
		9772515624DF66A90052A3F6 /* CustomAnnotationView.swift */ = {isa = PBXFileReference; lastKnownFileType = sourcecode.swift; path = CustomAnnotationView.swift; sourceTree = "<group>"; };
		9772515824DF7F9C0052A3F6 /* NewsResponse.swift */ = {isa = PBXFileReference; lastKnownFileType = sourcecode.swift; path = NewsResponse.swift; sourceTree = "<group>"; };
		9772515A24DF800C0052A3F6 /* NewsViewModel.swift */ = {isa = PBXFileReference; lastKnownFileType = sourcecode.swift; path = NewsViewModel.swift; sourceTree = "<group>"; };
		9772515C24DF80FB0052A3F6 /* APIClient.swift */ = {isa = PBXFileReference; lastKnownFileType = sourcecode.swift; path = APIClient.swift; sourceTree = "<group>"; };
		9772515E24DF814A0052A3F6 /* NewsAPI.swift */ = {isa = PBXFileReference; lastKnownFileType = sourcecode.swift; path = NewsAPI.swift; sourceTree = "<group>"; };
		9772516124DFA6C40052A3F6 /* NewsViewModelDelegate.swift */ = {isa = PBXFileReference; lastKnownFileType = sourcecode.swift; path = NewsViewModelDelegate.swift; sourceTree = "<group>"; };
		977D876B24CD3A6100AE5E51 /* Taxonomy.swift */ = {isa = PBXFileReference; lastKnownFileType = sourcecode.swift; path = Taxonomy.swift; sourceTree = "<group>"; };
		977D876F24CD6A1200AE5E51 /* Group.swift */ = {isa = PBXFileReference; lastKnownFileType = sourcecode.swift; path = Group.swift; sourceTree = "<group>"; };
		977D877124CD7BFF00AE5E51 /* Habitat.swift */ = {isa = PBXFileReference; lastKnownFileType = sourcecode.swift; path = Habitat.swift; sourceTree = "<group>"; };
		977D877324CE0D8C00AE5E51 /* DonateButton.swift */ = {isa = PBXFileReference; lastKnownFileType = sourcecode.swift; path = DonateButton.swift; sourceTree = "<group>"; };
		977D877524CE1F3700AE5E51 /* UIRoundedButtonWithGradientAndShadow.swift */ = {isa = PBXFileReference; lastKnownFileType = sourcecode.swift; path = UIRoundedButtonWithGradientAndShadow.swift; sourceTree = "<group>"; };
		977D877724CE504C00AE5E51 /* speciesModelTestData.json */ = {isa = PBXFileReference; fileEncoding = 4; lastKnownFileType = text.json; path = speciesModelTestData.json; sourceTree = "<group>"; };
		978E5CF123FB5CBC007BCD25 /* GoogleService-Info.plist */ = {isa = PBXFileReference; fileEncoding = 4; lastKnownFileType = text.plist.xml; path = "GoogleService-Info.plist"; sourceTree = "<group>"; };
		97928F7824CD11BF00AF90C5 /* FirestoreError.swift */ = {isa = PBXFileReference; lastKnownFileType = sourcecode.swift; path = FirestoreError.swift; sourceTree = "<group>"; };
		97928F7A24CD347200AF90C5 /* FirebaseConvertible.swift */ = {isa = PBXFileReference; lastKnownFileType = sourcecode.swift; path = FirebaseConvertible.swift; sourceTree = "<group>"; };
		97947F5224DD1F560047052B /* CustomCalloutView.swift */ = {isa = PBXFileReference; lastKnownFileType = sourcecode.swift; path = CustomCalloutView.swift; sourceTree = "<group>"; };
		97997F2B24DCE18B00981087 /* MGLMapViewController.swift */ = {isa = PBXFileReference; lastKnownFileType = sourcecode.swift; path = MGLMapViewController.swift; sourceTree = "<group>"; };
		979C191023DE43E900651B2B /* Terra.app */ = {isa = PBXFileReference; explicitFileType = wrapper.application; includeInIndex = 0; path = Terra.app; sourceTree = BUILT_PRODUCTS_DIR; };
		979C191323DE43E900651B2B /* AppDelegate.swift */ = {isa = PBXFileReference; lastKnownFileType = sourcecode.swift; path = AppDelegate.swift; sourceTree = "<group>"; };
		979C191523DE43E900651B2B /* SceneDelegate.swift */ = {isa = PBXFileReference; lastKnownFileType = sourcecode.swift; path = SceneDelegate.swift; sourceTree = "<group>"; };
		979C191C23DE43EF00651B2B /* Assets.xcassets */ = {isa = PBXFileReference; lastKnownFileType = folder.assetcatalog; path = Assets.xcassets; sourceTree = "<group>"; };
		979C191F23DE43EF00651B2B /* Base */ = {isa = PBXFileReference; lastKnownFileType = file.storyboard; name = Base; path = Base.lproj/LaunchScreen.storyboard; sourceTree = "<group>"; };
		979C192123DE43EF00651B2B /* Info.plist */ = {isa = PBXFileReference; lastKnownFileType = text.plist.xml; path = Info.plist; sourceTree = "<group>"; };
		979C192623DE43EF00651B2B /* TerraTests.xctest */ = {isa = PBXFileReference; explicitFileType = wrapper.cfbundle; includeInIndex = 0; path = TerraTests.xctest; sourceTree = BUILT_PRODUCTS_DIR; };
		979C192A23DE43EF00651B2B /* TerraTests.swift */ = {isa = PBXFileReference; lastKnownFileType = sourcecode.swift; path = TerraTests.swift; sourceTree = "<group>"; };
		979C192C23DE43EF00651B2B /* Info.plist */ = {isa = PBXFileReference; lastKnownFileType = text.plist.xml; path = Info.plist; sourceTree = "<group>"; };
		97B406A624E1FDED00A79E98 /* LearnMoreViewController.swift */ = {isa = PBXFileReference; lastKnownFileType = sourcecode.swift; path = LearnMoreViewController.swift; sourceTree = "<group>"; };
		97B68CD324BBB0AC005B8AB8 /* DetailHeaderNameView.swift */ = {isa = PBXFileReference; lastKnownFileType = sourcecode.swift; path = DetailHeaderNameView.swift; sourceTree = "<group>"; };
		97BF745223DF42F90058F2D7 /* SpeciesListViewController.swift */ = {isa = PBXFileReference; lastKnownFileType = sourcecode.swift; path = SpeciesListViewController.swift; sourceTree = "<group>"; };
		97D5946324CE7E49001BD566 /* toolBar.swift */ = {isa = PBXFileReference; lastKnownFileType = sourcecode.swift; path = toolBar.swift; sourceTree = "<group>"; };
		97D9E24A24C6470600524000 /* Diet.swift */ = {isa = PBXFileReference; lastKnownFileType = sourcecode.swift; path = Diet.swift; sourceTree = "<group>"; };
		97DD101C24C69EB000A21DF4 /* ToolBarDelegate.swift */ = {isa = PBXFileReference; lastKnownFileType = sourcecode.swift; path = ToolBarDelegate.swift; sourceTree = "<group>"; };
		97E9450324BE10C800550824 /* ConservationStatus.swift */ = {isa = PBXFileReference; lastKnownFileType = sourcecode.swift; path = ConservationStatus.swift; sourceTree = "<group>"; };
		97EA493924E3B7ED00C0FE64 /* OverviewSummaryView.swift */ = {isa = PBXFileReference; lastKnownFileType = sourcecode.swift; path = OverviewSummaryView.swift; sourceTree = "<group>"; };
		97EA493B24E3BEC200C0FE64 /* OverviewDistributionView.swift */ = {isa = PBXFileReference; lastKnownFileType = sourcecode.swift; path = OverviewDistributionView.swift; sourceTree = "<group>"; };
		97EDD4EF24D36D0A00D30674 /* FirebaseStorageManager.swift */ = {isa = PBXFileReference; lastKnownFileType = sourcecode.swift; path = FirebaseStorageManager.swift; sourceTree = "<group>"; };
		97F0CCA824C56F5C00C581D3 /* UIScrollViewExtensions.swift */ = {isa = PBXFileReference; lastKnownFileType = sourcecode.swift; path = UIScrollViewExtensions.swift; sourceTree = "<group>"; };
		97F4E00924D757C600509694 /* StringExtensions.swift */ = {isa = PBXFileReference; lastKnownFileType = sourcecode.swift; path = StringExtensions.swift; sourceTree = "<group>"; };
		97F7B42724C56886007AEE97 /* DonateButtonDelegate.swift */ = {isa = PBXFileReference; lastKnownFileType = sourcecode.swift; path = DonateButtonDelegate.swift; sourceTree = "<group>"; };
		97FAD4E624D75B20007FEFD8 /* TabBarController.swift */ = {isa = PBXFileReference; lastKnownFileType = sourcecode.swift; path = TabBarController.swift; sourceTree = "<group>"; };
		97FAD4E824D75DBD007FEFD8 /* NewsViewController.swift */ = {isa = PBXFileReference; lastKnownFileType = sourcecode.swift; path = NewsViewController.swift; sourceTree = "<group>"; };
		97FEAEAB24BE5FCC005BAEFE /* Factory.swift */ = {isa = PBXFileReference; lastKnownFileType = sourcecode.swift; path = Factory.swift; sourceTree = "<group>"; };
		A63FA5086B7DB26BED53FCF9 /* Pods-Terra.release.xcconfig */ = {isa = PBXFileReference; includeInIndex = 1; lastKnownFileType = text.xcconfig; name = "Pods-Terra.release.xcconfig"; path = "Target Support Files/Pods-Terra/Pods-Terra.release.xcconfig"; sourceTree = "<group>"; };
		AD0E356928EE1D84DA69C0A7 /* Pods-Terra.debug.xcconfig */ = {isa = PBXFileReference; includeInIndex = 1; lastKnownFileType = text.xcconfig; name = "Pods-Terra.debug.xcconfig"; path = "Target Support Files/Pods-Terra/Pods-Terra.debug.xcconfig"; sourceTree = "<group>"; };
		B8645ED068D067C9E5C75147 /* Pods-TerraTests.release.xcconfig */ = {isa = PBXFileReference; includeInIndex = 1; lastKnownFileType = text.xcconfig; name = "Pods-TerraTests.release.xcconfig"; path = "Target Support Files/Pods-TerraTests/Pods-TerraTests.release.xcconfig"; sourceTree = "<group>"; };
		EB2A51231E5DA047829EC780 /* Pods_Terra.framework */ = {isa = PBXFileReference; explicitFileType = wrapper.framework; includeInIndex = 0; path = Pods_Terra.framework; sourceTree = BUILT_PRODUCTS_DIR; };
/* End PBXFileReference section */

/* Begin PBXFrameworksBuildPhase section */
		979C190D23DE43E900651B2B /* Frameworks */ = {
			isa = PBXFrameworksBuildPhase;
			buildActionMask = 2147483647;
			files = (
				9AF95072B2E5408B3C94BFD7 /* Pods_Terra.framework in Frameworks */,
			);
			runOnlyForDeploymentPostprocessing = 0;
		};
		979C192323DE43EF00651B2B /* Frameworks */ = {
			isa = PBXFrameworksBuildPhase;
			buildActionMask = 2147483647;
			files = (
				64974DE87DC769895290DAC7 /* Pods_TerraTests.framework in Frameworks */,
			);
			runOnlyForDeploymentPostprocessing = 0;
		};
/* End PBXFrameworksBuildPhase section */

/* Begin PBXGroup section */
		9711D8F824BD19B900C2E6F1 /* Firebase */ = {
			isa = PBXGroup;
			children = (
				97928F7824CD11BF00AF90C5 /* FirestoreError.swift */,
				9711D8FB24BD42C800C2E6F1 /* FirestoresService.swift */,
				97928F7A24CD347200AF90C5 /* FirebaseConvertible.swift */,
				97EDD4EF24D36D0A00D30674 /* FirebaseStorageManager.swift */,
			);
			path = Firebase;
			sourceTree = "<group>";
		};
		9711D8FD24BD469B00C2E6F1 /* Third Party Code */ = {
			isa = PBXGroup;
			children = (
				97452E4723E1EEE9005636E0 /* GradientView.swift */,
				972BBF7624C01FA900B6F7C0 /* PSORoundedVisualEffectView.swift */,
				977D877524CE1F3700AE5E51 /* UIRoundedButtonWithGradientAndShadow.swift */,
			);
			path = "Third Party Code";
			sourceTree = "<group>";
		};
		971FD0CE24C61ABE003ED029 /* Extensions Built-In Types */ = {
			isa = PBXGroup;
			children = (
				97F0CCA824C56F5C00C581D3 /* UIScrollViewExtensions.swift */,
				972BBF7824C0204600B6F7C0 /* UIViewExtensions.swift */,
				976D585824CFA04400FC7458 /* UIButtonExtensions.swift */,
				97F4E00924D757C600509694 /* StringExtensions.swift */,
				9729736E24DC9E3400123C86 /* DoubleExtensions.swift */,
			);
			path = "Extensions Built-In Types";
			sourceTree = "<group>";
		};
		9729736D24DC95AA00123C86 /* Custom Delegates */ = {
			isa = PBXGroup;
			children = (
				97DD101C24C69EB000A21DF4 /* ToolBarDelegate.swift */,
				97F7B42724C56886007AEE97 /* DonateButtonDelegate.swift */,
				97682CC924D634AA000E5B30 /* RoundedInfoViewDelegate.swift */,
				9772516124DFA6C40052A3F6 /* NewsViewModelDelegate.swift */,
				976DA46724DFCB5F003F3197 /* SpeciesViewModelDelegate.swift */,
			);
			path = "Custom Delegates";
			sourceTree = "<group>";
		};
		972BBF7A24C0256400B6F7C0 /* Fonts */ = {
			isa = PBXGroup;
			children = (
				976FB55424D367E400848E35 /* Roboto-Light-Italic.ttf */,
				972BBF7B24C0256F00B6F7C0 /* Roboto-Bold.ttf */,
				972BBF7C24C0257600B6F7C0 /* Roboto-Medium.ttf */,
				97591FE124CCDC28002EAC96 /* Roboto-Regular.ttf */,
				972BBF7D24C0257B00B6F7C0 /* Roboto-Light.ttf */,
			);
			path = Fonts;
			sourceTree = "<group>";
		};
		97452E4423E1E6A9005636E0 /* Views */ = {
			isa = PBXGroup;
			children = (
				97452E4523E1E6C7005636E0 /* SpeciesCollectionViewCell.swift */,
				9764D12D24D7E46E0050AF37 /* NewsArticleTableViewCell.swift */,
				97B68CD324BBB0AC005B8AB8 /* DetailHeaderNameView.swift */,
				9767D04B24C3EA9200384FCD /* DetailSubheaderView.swift */,
				977D877324CE0D8C00AE5E51 /* DonateButton.swift */,
				97D5946324CE7E49001BD566 /* toolBar.swift */,
				97591FD324CB8D46002EAC96 /* RoundedInfoView.swift */,
				97947F5224DD1F560047052B /* CustomCalloutView.swift */,
				9772515624DF66A90052A3F6 /* CustomAnnotationView.swift */,
				97EA493924E3B7ED00C0FE64 /* OverviewSummaryView.swift */,
				97EA493B24E3BEC200C0FE64 /* OverviewDistributionView.swift */,
			);
			path = Views;
			sourceTree = "<group>";
		};
		9764D12C24D7DE380050AF37 /* Networking */ = {
			isa = PBXGroup;
			children = (
				9711D8F824BD19B900C2E6F1 /* Firebase */,
				9772515C24DF80FB0052A3F6 /* APIClient.swift */,
				9772515E24DF814A0052A3F6 /* NewsAPI.swift */,
				9772515824DF7F9C0052A3F6 /* NewsResponse.swift */,
			);
			path = Networking;
			sourceTree = "<group>";
		};
		9772516024DF9C1F0052A3F6 /* ViewModels */ = {
			isa = PBXGroup;
			children = (
				976DA46524DFCAF9003F3197 /* SpeciesViewModel.swift */,
				9772515A24DF800C0052A3F6 /* NewsViewModel.swift */,
			);
			path = ViewModels;
			sourceTree = "<group>";
		};
		977D876D24CD697700AE5E51 /* Species Models */ = {
			isa = PBXGroup;
			children = (
				9711D8F624BD199700C2E6F1 /* Species.swift */,
				977D877124CD7BFF00AE5E51 /* Habitat.swift */,
				977D876B24CD3A6100AE5E51 /* Taxonomy.swift */,
				97682CC624D5EAA3000E5B30 /* Population.swift */,
				975812F424D539D500C09D56 /* Biome.swift */,
				97E9450324BE10C800550824 /* ConservationStatus.swift */,
				974CC98324C64F0E00E4EF85 /* PopulationTrend.swift */,
				97D9E24A24C6470600524000 /* Diet.swift */,
				977D876F24CD6A1200AE5E51 /* Group.swift */,
				975812E824D4EDF900C09D56 /* SpeciesStrategy.swift */,
				975812EA24D4EF9400C09D56 /* SpeciesOverviewStrategy.swift */,
				975812F024D52F7B00C09D56 /* SpeciesHabitatStrategy.swift */,
				975812EC24D528E100C09D56 /* SpeciesThreatsStrategy.swift */,
				975812F224D530AA00C09D56 /* SpeciesGalleryStrategy.swift */,
				9723E7A924D3505C0038ECB6 /* SpeciesAnnotation.swift */,
			);
			path = "Species Models";
			sourceTree = "<group>";
		};
		979492EC23F46ACE00B636A4 /* Models */ = {
			isa = PBXGroup;
			children = (
				9729736D24DC95AA00123C86 /* Custom Delegates */,
				971FD0CE24C61ABE003ED029 /* Extensions Built-In Types */,
				9764D12C24D7DE380050AF37 /* Networking */,
				977D876D24CD697700AE5E51 /* Species Models */,
				97591FDB24CC4524002EAC96 /* ToolBarSelectedButton.swift */,
				97591FE224CCDC48002EAC96 /* FontWeight.swift */,
				97591FDE24CCD14A002EAC96 /* Constants.swift */,
				97FEAEAB24BE5FCC005BAEFE /* Factory.swift */,
				9764D12A24D7DD820050AF37 /* Secrets.swift */,
				9764D13024D9D07F0050AF37 /* ToolBarVCStrategy.swift */,
				9764D13224D9D0E90050AF37 /* ToolBarListVCStrategy.swift */,
				9764D13424D9D1A20050AF37 /* ToolBarDetailVCStrategy.swift */,
				9764D12824D7DC250050AF37 /* NewsArticle.swift */,
			);
			path = Models;
			sourceTree = "<group>";
		};
		979C190723DE43E900651B2B = {
			isa = PBXGroup;
			children = (
				979C191223DE43E900651B2B /* Terra */,
				979C192923DE43EF00651B2B /* TerraTests */,
				979C191123DE43E900651B2B /* Products */,
				A579569CDD33F6897BA63C97 /* Pods */,
				B30AEC29118276EF72B01F0A /* Frameworks */,
			);
			sourceTree = "<group>";
		};
		979C191123DE43E900651B2B /* Products */ = {
			isa = PBXGroup;
			children = (
				979C191023DE43E900651B2B /* Terra.app */,
				979C192623DE43EF00651B2B /* TerraTests.xctest */,
			);
			name = Products;
			sourceTree = "<group>";
		};
		979C191223DE43E900651B2B /* Terra */ = {
			isa = PBXGroup;
			children = (
				972BBF7A24C0256400B6F7C0 /* Fonts */,
				979492EC23F46ACE00B636A4 /* Models */,
				97452E4423E1E6A9005636E0 /* Views */,
				9772516024DF9C1F0052A3F6 /* ViewModels */,
				97BF745123DF42CC0058F2D7 /* Controllers */,
				9711D8FD24BD469B00C2E6F1 /* Third Party Code */,
				97FAD4EA24D7783F007FEFD8 /* Supporting Files */,
				978E5CF123FB5CBC007BCD25 /* GoogleService-Info.plist */,
				979C192123DE43EF00651B2B /* Info.plist */,
				979C191C23DE43EF00651B2B /* Assets.xcassets */,
			);
			path = Terra;
			sourceTree = "<group>";
		};
		979C192923DE43EF00651B2B /* TerraTests */ = {
			isa = PBXGroup;
			children = (
				977D877724CE504C00AE5E51 /* speciesModelTestData.json */,
				979C192A23DE43EF00651B2B /* TerraTests.swift */,
				979C192C23DE43EF00651B2B /* Info.plist */,
			);
			path = TerraTests;
			sourceTree = "<group>";
		};
		97BF745123DF42CC0058F2D7 /* Controllers */ = {
			isa = PBXGroup;
			children = (
				97FAD4E624D75B20007FEFD8 /* TabBarController.swift */,
				97BF745223DF42F90058F2D7 /* SpeciesListViewController.swift */,
				970B172424C2699E007F32E0 /* SpeciesDetailViewController.swift */,
				97B406A624E1FDED00A79E98 /* LearnMoreViewController.swift */,
				97FAD4E824D75DBD007FEFD8 /* NewsViewController.swift */,
				97997F2B24DCE18B00981087 /* MGLMapViewController.swift */,
			);
			path = Controllers;
			sourceTree = "<group>";
		};
		97FAD4EA24D7783F007FEFD8 /* Supporting Files */ = {
			isa = PBXGroup;
			children = (
				979C191323DE43E900651B2B /* AppDelegate.swift */,
				979C191523DE43E900651B2B /* SceneDelegate.swift */,
				979C191E23DE43EF00651B2B /* LaunchScreen.storyboard */,
			);
			path = "Supporting Files";
			sourceTree = "<group>";
		};
		A579569CDD33F6897BA63C97 /* Pods */ = {
			isa = PBXGroup;
			children = (
				AD0E356928EE1D84DA69C0A7 /* Pods-Terra.debug.xcconfig */,
				A63FA5086B7DB26BED53FCF9 /* Pods-Terra.release.xcconfig */,
				7D7128A691AFAE5420EA1959 /* Pods-TerraTests.debug.xcconfig */,
				B8645ED068D067C9E5C75147 /* Pods-TerraTests.release.xcconfig */,
			);
			path = Pods;
			sourceTree = "<group>";
		};
		B30AEC29118276EF72B01F0A /* Frameworks */ = {
			isa = PBXGroup;
			children = (
				9723E7AB24D353330038ECB6 /* MapKit.framework */,
				EB2A51231E5DA047829EC780 /* Pods_Terra.framework */,
				0A3AFB63DAA70601F9AAC8BA /* Pods_TerraTests.framework */,
			);
			name = Frameworks;
			sourceTree = "<group>";
		};
/* End PBXGroup section */

/* Begin PBXNativeTarget section */
		979C190F23DE43E900651B2B /* Terra */ = {
			isa = PBXNativeTarget;
			buildConfigurationList = 979C192F23DE43EF00651B2B /* Build configuration list for PBXNativeTarget "Terra" */;
			buildPhases = (
				AD1F679397D67BFA6FBC290D /* [CP] Check Pods Manifest.lock */,
				979C190C23DE43E900651B2B /* Sources */,
				979C190D23DE43E900651B2B /* Frameworks */,
				979C190E23DE43E900651B2B /* Resources */,
				0591BBEFD854AA9D0E73F5F6 /* [CP] Embed Pods Frameworks */,
			);
			buildRules = (
			);
			dependencies = (
			);
			name = Terra;
			productName = Terra;
			productReference = 979C191023DE43E900651B2B /* Terra.app */;
			productType = "com.apple.product-type.application";
		};
		979C192523DE43EF00651B2B /* TerraTests */ = {
			isa = PBXNativeTarget;
			buildConfigurationList = 979C193223DE43EF00651B2B /* Build configuration list for PBXNativeTarget "TerraTests" */;
			buildPhases = (
				73AA78CCABCBE580EDE4C331 /* [CP] Check Pods Manifest.lock */,
				979C192223DE43EF00651B2B /* Sources */,
				979C192323DE43EF00651B2B /* Frameworks */,
				979C192423DE43EF00651B2B /* Resources */,
			);
			buildRules = (
			);
			dependencies = (
				979C192823DE43EF00651B2B /* PBXTargetDependency */,
			);
			name = TerraTests;
			productName = TerraTests;
			productReference = 979C192623DE43EF00651B2B /* TerraTests.xctest */;
			productType = "com.apple.product-type.bundle.unit-test";
		};
/* End PBXNativeTarget section */

/* Begin PBXProject section */
		979C190823DE43E900651B2B /* Project object */ = {
			isa = PBXProject;
			attributes = {
				LastSwiftUpdateCheck = 1130;
				LastUpgradeCheck = 1130;
				ORGANIZATIONNAME = Antnee;
				TargetAttributes = {
					979C190F23DE43E900651B2B = {
						CreatedOnToolsVersion = 11.3.1;
					};
					979C192523DE43EF00651B2B = {
						CreatedOnToolsVersion = 11.3.1;
						TestTargetID = 979C190F23DE43E900651B2B;
					};
				};
			};
			buildConfigurationList = 979C190B23DE43E900651B2B /* Build configuration list for PBXProject "Terra" */;
			compatibilityVersion = "Xcode 9.3";
			developmentRegion = en;
			hasScannedForEncodings = 0;
			knownRegions = (
				en,
				Base,
			);
			mainGroup = 979C190723DE43E900651B2B;
			productRefGroup = 979C191123DE43E900651B2B /* Products */;
			projectDirPath = "";
			projectRoot = "";
			targets = (
				979C190F23DE43E900651B2B /* Terra */,
				979C192523DE43EF00651B2B /* TerraTests */,
			);
		};
/* End PBXProject section */

/* Begin PBXResourcesBuildPhase section */
		979C190E23DE43E900651B2B /* Resources */ = {
			isa = PBXResourcesBuildPhase;
			buildActionMask = 2147483647;
			files = (
				976FB55524D367E400848E35 /* Roboto-Light-Italic.ttf in Resources */,
				972BBF8024C026D100B6F7C0 /* Roboto-Light.ttf in Resources */,
				976FB55324D367AE00848E35 /* Roboto-Regular.ttf in Resources */,
				972BBF7F24C026CF00B6F7C0 /* Roboto-Medium.ttf in Resources */,
				972BBF7E24C026CD00B6F7C0 /* Roboto-Bold.ttf in Resources */,
				978E5CF223FB5CBC007BCD25 /* GoogleService-Info.plist in Resources */,
				979C192023DE43EF00651B2B /* LaunchScreen.storyboard in Resources */,
				979C191D23DE43EF00651B2B /* Assets.xcassets in Resources */,
			);
			runOnlyForDeploymentPostprocessing = 0;
		};
		979C192423DE43EF00651B2B /* Resources */ = {
			isa = PBXResourcesBuildPhase;
			buildActionMask = 2147483647;
			files = (
				977D877824CE504C00AE5E51 /* speciesModelTestData.json in Resources */,
			);
			runOnlyForDeploymentPostprocessing = 0;
		};
/* End PBXResourcesBuildPhase section */

/* Begin PBXShellScriptBuildPhase section */
		0591BBEFD854AA9D0E73F5F6 /* [CP] Embed Pods Frameworks */ = {
			isa = PBXShellScriptBuildPhase;
			buildActionMask = 2147483647;
			files = (
			);
			inputFileListPaths = (
				"${PODS_ROOT}/Target Support Files/Pods-Terra/Pods-Terra-frameworks-${CONFIGURATION}-input-files.xcfilelist",
			);
			name = "[CP] Embed Pods Frameworks";
			outputFileListPaths = (
				"${PODS_ROOT}/Target Support Files/Pods-Terra/Pods-Terra-frameworks-${CONFIGURATION}-output-files.xcfilelist",
			);
			runOnlyForDeploymentPostprocessing = 0;
			shellPath = /bin/sh;
			shellScript = "\"${PODS_ROOT}/Target Support Files/Pods-Terra/Pods-Terra-frameworks.sh\"\n";
			showEnvVarsInLog = 0;
		};
		73AA78CCABCBE580EDE4C331 /* [CP] Check Pods Manifest.lock */ = {
			isa = PBXShellScriptBuildPhase;
			buildActionMask = 2147483647;
			files = (
			);
			inputFileListPaths = (
			);
			inputPaths = (
				"${PODS_PODFILE_DIR_PATH}/Podfile.lock",
				"${PODS_ROOT}/Manifest.lock",
			);
			name = "[CP] Check Pods Manifest.lock";
			outputFileListPaths = (
			);
			outputPaths = (
				"$(DERIVED_FILE_DIR)/Pods-TerraTests-checkManifestLockResult.txt",
			);
			runOnlyForDeploymentPostprocessing = 0;
			shellPath = /bin/sh;
			shellScript = "diff \"${PODS_PODFILE_DIR_PATH}/Podfile.lock\" \"${PODS_ROOT}/Manifest.lock\" > /dev/null\nif [ $? != 0 ] ; then\n    # print error to STDERR\n    echo \"error: The sandbox is not in sync with the Podfile.lock. Run 'pod install' or update your CocoaPods installation.\" >&2\n    exit 1\nfi\n# This output is used by Xcode 'outputs' to avoid re-running this script phase.\necho \"SUCCESS\" > \"${SCRIPT_OUTPUT_FILE_0}\"\n";
			showEnvVarsInLog = 0;
		};
		AD1F679397D67BFA6FBC290D /* [CP] Check Pods Manifest.lock */ = {
			isa = PBXShellScriptBuildPhase;
			buildActionMask = 2147483647;
			files = (
			);
			inputFileListPaths = (
			);
			inputPaths = (
				"${PODS_PODFILE_DIR_PATH}/Podfile.lock",
				"${PODS_ROOT}/Manifest.lock",
			);
			name = "[CP] Check Pods Manifest.lock";
			outputFileListPaths = (
			);
			outputPaths = (
				"$(DERIVED_FILE_DIR)/Pods-Terra-checkManifestLockResult.txt",
			);
			runOnlyForDeploymentPostprocessing = 0;
			shellPath = /bin/sh;
			shellScript = "diff \"${PODS_PODFILE_DIR_PATH}/Podfile.lock\" \"${PODS_ROOT}/Manifest.lock\" > /dev/null\nif [ $? != 0 ] ; then\n    # print error to STDERR\n    echo \"error: The sandbox is not in sync with the Podfile.lock. Run 'pod install' or update your CocoaPods installation.\" >&2\n    exit 1\nfi\n# This output is used by Xcode 'outputs' to avoid re-running this script phase.\necho \"SUCCESS\" > \"${SCRIPT_OUTPUT_FILE_0}\"\n";
			showEnvVarsInLog = 0;
		};
/* End PBXShellScriptBuildPhase section */

/* Begin PBXSourcesBuildPhase section */
		979C190C23DE43E900651B2B /* Sources */ = {
			isa = PBXSourcesBuildPhase;
			buildActionMask = 2147483647;
			files = (
				972BBF7924C0204600B6F7C0 /* UIViewExtensions.swift in Sources */,
				9764D13324D9D0E90050AF37 /* ToolBarListVCStrategy.swift in Sources */,
				9764D12E24D7E46E0050AF37 /* NewsArticleTableViewCell.swift in Sources */,
				9711D8FC24BD42C800C2E6F1 /* FirestoresService.swift in Sources */,
				9729736F24DC9E3400123C86 /* DoubleExtensions.swift in Sources */,
				977D877224CD7BFF00AE5E51 /* Habitat.swift in Sources */,
				9772515B24DF800C0052A3F6 /* NewsViewModel.swift in Sources */,
				97D5946424CE7E49001BD566 /* toolBar.swift in Sources */,
				972BBF7724C01FA900B6F7C0 /* PSORoundedVisualEffectView.swift in Sources */,
				9723E7AA24D3505C0038ECB6 /* SpeciesAnnotation.swift in Sources */,
				975812F524D539D500C09D56 /* Biome.swift in Sources */,
				976D585924CFA04400FC7458 /* UIButtonExtensions.swift in Sources */,
				977D877424CE0D8C00AE5E51 /* DonateButton.swift in Sources */,
				97682CC724D5EAA3000E5B30 /* Population.swift in Sources */,
				977D876C24CD3A6100AE5E51 /* Taxonomy.swift in Sources */,
				97E9450424BE10C800550824 /* ConservationStatus.swift in Sources */,
				97F4E00A24D757C600509694 /* StringExtensions.swift in Sources */,
				97591FDF24CCD14A002EAC96 /* Constants.swift in Sources */,
				97FAD4E924D75DBD007FEFD8 /* NewsViewController.swift in Sources */,
				97682CCA24D634AA000E5B30 /* RoundedInfoViewDelegate.swift in Sources */,
				97EA493A24E3B7ED00C0FE64 /* OverviewSummaryView.swift in Sources */,
				9772515F24DF814A0052A3F6 /* NewsAPI.swift in Sources */,
				975812E924D4EDF900C09D56 /* SpeciesStrategy.swift in Sources */,
				975812ED24D528E100C09D56 /* SpeciesThreatsStrategy.swift in Sources */,
				977D877624CE1F3800AE5E51 /* UIRoundedButtonWithGradientAndShadow.swift in Sources */,
				976DA46624DFCAF9003F3197 /* SpeciesViewModel.swift in Sources */,
				9772515924DF7F9C0052A3F6 /* NewsResponse.swift in Sources */,
				97997F2C24DCE18B00981087 /* MGLMapViewController.swift in Sources */,
				9772516224DFA6C40052A3F6 /* NewsViewModelDelegate.swift in Sources */,
				97B406A724E1FDED00A79E98 /* LearnMoreViewController.swift in Sources */,
				975812EB24D4EF9400C09D56 /* SpeciesOverviewStrategy.swift in Sources */,
				97F7B42824C56886007AEE97 /* DonateButtonDelegate.swift in Sources */,
				97EDD4F024D36D0A00D30674 /* FirebaseStorageManager.swift in Sources */,
				9772515724DF66A90052A3F6 /* CustomAnnotationView.swift in Sources */,
				9711D8F724BD199700C2E6F1 /* Species.swift in Sources */,
				974CC98424C64F0F00E4EF85 /* PopulationTrend.swift in Sources */,
				97FAD4E724D75B20007FEFD8 /* TabBarController.swift in Sources */,
				9772515D24DF80FB0052A3F6 /* APIClient.swift in Sources */,
				970B172524C2699E007F32E0 /* SpeciesDetailViewController.swift in Sources */,
				97FEAEAC24BE5FCC005BAEFE /* Factory.swift in Sources */,
				97B68CD424BBB0AC005B8AB8 /* DetailHeaderNameView.swift in Sources */,
				9764D12B24D7DD820050AF37 /* Secrets.swift in Sources */,
				97591FDC24CC4524002EAC96 /* ToolBarSelectedButton.swift in Sources */,
				97D9E24B24C6470700524000 /* Diet.swift in Sources */,
				97591FD424CB8D46002EAC96 /* RoundedInfoView.swift in Sources */,
				97452E4623E1E6C7005636E0 /* SpeciesCollectionViewCell.swift in Sources */,
				976DA46824DFCB5F003F3197 /* SpeciesViewModelDelegate.swift in Sources */,
				979C191423DE43E900651B2B /* AppDelegate.swift in Sources */,
				9767D04C24C3EA9200384FCD /* DetailSubheaderView.swift in Sources */,
				97947F5324DD1F560047052B /* CustomCalloutView.swift in Sources */,
				97BF745323DF42F90058F2D7 /* SpeciesListViewController.swift in Sources */,
				979C191623DE43E900651B2B /* SceneDelegate.swift in Sources */,
				97452E4823E1EEE9005636E0 /* GradientView.swift in Sources */,
				9764D12924D7DC250050AF37 /* NewsArticle.swift in Sources */,
				9764D13124D9D07F0050AF37 /* ToolBarVCStrategy.swift in Sources */,
				97F0CCA924C56F5C00C581D3 /* UIScrollViewExtensions.swift in Sources */,
				97DD101D24C69EB000A21DF4 /* ToolBarDelegate.swift in Sources */,
				975812F124D52F7B00C09D56 /* SpeciesHabitatStrategy.swift in Sources */,
				97EA493C24E3BEC200C0FE64 /* OverviewDistributionView.swift in Sources */,
				977D877024CD6A1200AE5E51 /* Group.swift in Sources */,
				97591FE324CCDC48002EAC96 /* FontWeight.swift in Sources */,
				97928F7924CD11BF00AF90C5 /* FirestoreError.swift in Sources */,
				975812F324D530AA00C09D56 /* SpeciesGalleryStrategy.swift in Sources */,
				9764D13524D9D1A20050AF37 /* ToolBarDetailVCStrategy.swift in Sources */,
				97928F7B24CD347200AF90C5 /* FirebaseConvertible.swift in Sources */,
			);
			runOnlyForDeploymentPostprocessing = 0;
		};
		979C192223DE43EF00651B2B /* Sources */ = {
			isa = PBXSourcesBuildPhase;
			buildActionMask = 2147483647;
			files = (
				972A615724C94C7A00A59AB6 /* FirestoresService.swift in Sources */,
				974B752224E002AF006C3D1D /* NewsViewModel.swift in Sources */,
				972A615024C94C6800A59AB6 /* Species.swift in Sources */,
				972A615324C94C6E00A59AB6 /* Diet.swift in Sources */,
				974B752324E002B2006C3D1D /* SpeciesViewModel.swift in Sources */,
				974B752524E00544006C3D1D /* SpeciesViewModelDelegate.swift in Sources */,
				972A615424C94C7000A59AB6 /* PopulationTrend.swift in Sources */,
				974B752A24E00595006C3D1D /* NewsResponse.swift in Sources */,
				974B752424E0053F006C3D1D /* NewsViewModelDelegate.swift in Sources */,
				97A2BC7224CE5578000D6B2D /* FirestoreError.swift in Sources */,
				97682CC824D5EB79000E5B30 /* Population.swift in Sources */,
				97E61B8024CE54A100E83691 /* Habitat.swift in Sources */,
				974B752824E00583006C3D1D /* APIClient.swift in Sources */,
				974B752624E00562006C3D1D /* NewsAPI.swift in Sources */,
				97E61B8124CE54A800E83691 /* Group.swift in Sources */,
				977D877924CE540800AE5E51 /* FirebaseConvertible.swift in Sources */,
				97682CC524D550BB000E5B30 /* Biome.swift in Sources */,
				974B752924E0058E006C3D1D /* Secrets.swift in Sources */,
				972A615224C94C6C00A59AB6 /* ConservationStatus.swift in Sources */,
				974B752724E0056A006C3D1D /* ToolBarSelectedButton.swift in Sources */,
				97A2BC7324CE559F000D6B2D /* FontWeight.swift in Sources */,
				977D876E24CD698500AE5E51 /* Taxonomy.swift in Sources */,
				9782524024DFFC3600B9F6FC /* NewsArticle.swift in Sources */,
				979C192B23DE43EF00651B2B /* TerraTests.swift in Sources */,
				97591FE024CCD2E9002EAC96 /* Constants.swift in Sources */,
				974B752124DFFC72006C3D1D /* StringExtensions.swift in Sources */,
			);
			runOnlyForDeploymentPostprocessing = 0;
		};
/* End PBXSourcesBuildPhase section */

/* Begin PBXTargetDependency section */
		979C192823DE43EF00651B2B /* PBXTargetDependency */ = {
			isa = PBXTargetDependency;
			target = 979C190F23DE43E900651B2B /* Terra */;
			targetProxy = 979C192723DE43EF00651B2B /* PBXContainerItemProxy */;
		};
/* End PBXTargetDependency section */

/* Begin PBXVariantGroup section */
		979C191E23DE43EF00651B2B /* LaunchScreen.storyboard */ = {
			isa = PBXVariantGroup;
			children = (
				979C191F23DE43EF00651B2B /* Base */,
			);
			name = LaunchScreen.storyboard;
			sourceTree = "<group>";
		};
/* End PBXVariantGroup section */

/* Begin XCBuildConfiguration section */
		979C192D23DE43EF00651B2B /* Debug */ = {
			isa = XCBuildConfiguration;
			buildSettings = {
				ALWAYS_SEARCH_USER_PATHS = NO;
				CLANG_ANALYZER_NONNULL = YES;
				CLANG_ANALYZER_NUMBER_OBJECT_CONVERSION = YES_AGGRESSIVE;
				CLANG_CXX_LANGUAGE_STANDARD = "gnu++14";
				CLANG_CXX_LIBRARY = "libc++";
				CLANG_ENABLE_MODULES = YES;
				CLANG_ENABLE_OBJC_ARC = YES;
				CLANG_ENABLE_OBJC_WEAK = YES;
				CLANG_WARN_BLOCK_CAPTURE_AUTORELEASING = YES;
				CLANG_WARN_BOOL_CONVERSION = YES;
				CLANG_WARN_COMMA = YES;
				CLANG_WARN_CONSTANT_CONVERSION = YES;
				CLANG_WARN_DEPRECATED_OBJC_IMPLEMENTATIONS = YES;
				CLANG_WARN_DIRECT_OBJC_ISA_USAGE = YES_ERROR;
				CLANG_WARN_DOCUMENTATION_COMMENTS = YES;
				CLANG_WARN_EMPTY_BODY = YES;
				CLANG_WARN_ENUM_CONVERSION = YES;
				CLANG_WARN_INFINITE_RECURSION = YES;
				CLANG_WARN_INT_CONVERSION = YES;
				CLANG_WARN_NON_LITERAL_NULL_CONVERSION = YES;
				CLANG_WARN_OBJC_IMPLICIT_RETAIN_SELF = YES;
				CLANG_WARN_OBJC_LITERAL_CONVERSION = YES;
				CLANG_WARN_OBJC_ROOT_CLASS = YES_ERROR;
				CLANG_WARN_RANGE_LOOP_ANALYSIS = YES;
				CLANG_WARN_STRICT_PROTOTYPES = YES;
				CLANG_WARN_SUSPICIOUS_MOVE = YES;
				CLANG_WARN_UNGUARDED_AVAILABILITY = YES_AGGRESSIVE;
				CLANG_WARN_UNREACHABLE_CODE = YES;
				CLANG_WARN__DUPLICATE_METHOD_MATCH = YES;
				COPY_PHASE_STRIP = NO;
				DEBUG_INFORMATION_FORMAT = dwarf;
				ENABLE_STRICT_OBJC_MSGSEND = YES;
				ENABLE_TESTABILITY = YES;
				GCC_C_LANGUAGE_STANDARD = gnu11;
				GCC_DYNAMIC_NO_PIC = NO;
				GCC_NO_COMMON_BLOCKS = YES;
				GCC_OPTIMIZATION_LEVEL = 0;
				GCC_PREPROCESSOR_DEFINITIONS = (
					"DEBUG=1",
					"$(inherited)",
				);
				GCC_WARN_64_TO_32_BIT_CONVERSION = YES;
				GCC_WARN_ABOUT_RETURN_TYPE = YES_ERROR;
				GCC_WARN_UNDECLARED_SELECTOR = YES;
				GCC_WARN_UNINITIALIZED_AUTOS = YES_AGGRESSIVE;
				GCC_WARN_UNUSED_FUNCTION = YES;
				GCC_WARN_UNUSED_VARIABLE = YES;
				IPHONEOS_DEPLOYMENT_TARGET = 13.2;
				MTL_ENABLE_DEBUG_INFO = INCLUDE_SOURCE;
				MTL_FAST_MATH = YES;
				ONLY_ACTIVE_ARCH = YES;
				SDKROOT = iphoneos;
				SWIFT_ACTIVE_COMPILATION_CONDITIONS = DEBUG;
				SWIFT_OPTIMIZATION_LEVEL = "-Onone";
			};
			name = Debug;
		};
		979C192E23DE43EF00651B2B /* Release */ = {
			isa = XCBuildConfiguration;
			buildSettings = {
				ALWAYS_SEARCH_USER_PATHS = NO;
				CLANG_ANALYZER_NONNULL = YES;
				CLANG_ANALYZER_NUMBER_OBJECT_CONVERSION = YES_AGGRESSIVE;
				CLANG_CXX_LANGUAGE_STANDARD = "gnu++14";
				CLANG_CXX_LIBRARY = "libc++";
				CLANG_ENABLE_MODULES = YES;
				CLANG_ENABLE_OBJC_ARC = YES;
				CLANG_ENABLE_OBJC_WEAK = YES;
				CLANG_WARN_BLOCK_CAPTURE_AUTORELEASING = YES;
				CLANG_WARN_BOOL_CONVERSION = YES;
				CLANG_WARN_COMMA = YES;
				CLANG_WARN_CONSTANT_CONVERSION = YES;
				CLANG_WARN_DEPRECATED_OBJC_IMPLEMENTATIONS = YES;
				CLANG_WARN_DIRECT_OBJC_ISA_USAGE = YES_ERROR;
				CLANG_WARN_DOCUMENTATION_COMMENTS = YES;
				CLANG_WARN_EMPTY_BODY = YES;
				CLANG_WARN_ENUM_CONVERSION = YES;
				CLANG_WARN_INFINITE_RECURSION = YES;
				CLANG_WARN_INT_CONVERSION = YES;
				CLANG_WARN_NON_LITERAL_NULL_CONVERSION = YES;
				CLANG_WARN_OBJC_IMPLICIT_RETAIN_SELF = YES;
				CLANG_WARN_OBJC_LITERAL_CONVERSION = YES;
				CLANG_WARN_OBJC_ROOT_CLASS = YES_ERROR;
				CLANG_WARN_RANGE_LOOP_ANALYSIS = YES;
				CLANG_WARN_STRICT_PROTOTYPES = YES;
				CLANG_WARN_SUSPICIOUS_MOVE = YES;
				CLANG_WARN_UNGUARDED_AVAILABILITY = YES_AGGRESSIVE;
				CLANG_WARN_UNREACHABLE_CODE = YES;
				CLANG_WARN__DUPLICATE_METHOD_MATCH = YES;
				COPY_PHASE_STRIP = NO;
				DEBUG_INFORMATION_FORMAT = "dwarf-with-dsym";
				ENABLE_NS_ASSERTIONS = NO;
				ENABLE_STRICT_OBJC_MSGSEND = YES;
				GCC_C_LANGUAGE_STANDARD = gnu11;
				GCC_NO_COMMON_BLOCKS = YES;
				GCC_WARN_64_TO_32_BIT_CONVERSION = YES;
				GCC_WARN_ABOUT_RETURN_TYPE = YES_ERROR;
				GCC_WARN_UNDECLARED_SELECTOR = YES;
				GCC_WARN_UNINITIALIZED_AUTOS = YES_AGGRESSIVE;
				GCC_WARN_UNUSED_FUNCTION = YES;
				GCC_WARN_UNUSED_VARIABLE = YES;
				IPHONEOS_DEPLOYMENT_TARGET = 13.2;
				MTL_ENABLE_DEBUG_INFO = NO;
				MTL_FAST_MATH = YES;
				SDKROOT = iphoneos;
				SWIFT_COMPILATION_MODE = wholemodule;
				SWIFT_OPTIMIZATION_LEVEL = "-O";
				VALIDATE_PRODUCT = YES;
			};
			name = Release;
		};
		979C193023DE43EF00651B2B /* Debug */ = {
			isa = XCBuildConfiguration;
			baseConfigurationReference = AD0E356928EE1D84DA69C0A7 /* Pods-Terra.debug.xcconfig */;
			buildSettings = {
				ASSETCATALOG_COMPILER_APPICON_NAME = AppIcon;
				CODE_SIGN_STYLE = Automatic;
				DEVELOPMENT_TEAM = 5CMXYD37HJ;
				INFOPLIST_FILE = Terra/Info.plist;
				LD_RUNPATH_SEARCH_PATHS = (
					"$(inherited)",
					"@executable_path/Frameworks",
				);
				PRODUCT_BUNDLE_IDENTIFIER = Antnee.Terra;
				PRODUCT_NAME = "$(TARGET_NAME)";
				SWIFT_VERSION = 5.0;
				TARGETED_DEVICE_FAMILY = 1;
			};
			name = Debug;
		};
		979C193123DE43EF00651B2B /* Release */ = {
			isa = XCBuildConfiguration;
			baseConfigurationReference = A63FA5086B7DB26BED53FCF9 /* Pods-Terra.release.xcconfig */;
			buildSettings = {
				ASSETCATALOG_COMPILER_APPICON_NAME = AppIcon;
				CODE_SIGN_STYLE = Automatic;
				DEVELOPMENT_TEAM = 5CMXYD37HJ;
				INFOPLIST_FILE = Terra/Info.plist;
				LD_RUNPATH_SEARCH_PATHS = (
					"$(inherited)",
					"@executable_path/Frameworks",
				);
				PRODUCT_BUNDLE_IDENTIFIER = Antnee.Terra;
				PRODUCT_NAME = "$(TARGET_NAME)";
				SWIFT_VERSION = 5.0;
				TARGETED_DEVICE_FAMILY = 1;
			};
			name = Release;
		};
		979C193323DE43EF00651B2B /* Debug */ = {
			isa = XCBuildConfiguration;
			baseConfigurationReference = 7D7128A691AFAE5420EA1959 /* Pods-TerraTests.debug.xcconfig */;
			buildSettings = {
				ALWAYS_EMBED_SWIFT_STANDARD_LIBRARIES = YES;
				BUNDLE_LOADER = "$(TEST_HOST)";
				CODE_SIGN_STYLE = Automatic;
				DEVELOPMENT_TEAM = 5CMXYD37HJ;
				INFOPLIST_FILE = TerraTests/Info.plist;
				IPHONEOS_DEPLOYMENT_TARGET = 13.2;
				LD_RUNPATH_SEARCH_PATHS = (
					"$(inherited)",
					"@executable_path/Frameworks",
					"@loader_path/Frameworks",
				);
				PRODUCT_BUNDLE_IDENTIFIER = Antnee.TerraTests;
				PRODUCT_NAME = "$(TARGET_NAME)";
				SWIFT_VERSION = 5.0;
				TARGETED_DEVICE_FAMILY = "1,2";
				TEST_HOST = "$(BUILT_PRODUCTS_DIR)/Terra.app/Terra";
			};
			name = Debug;
		};
		979C193423DE43EF00651B2B /* Release */ = {
			isa = XCBuildConfiguration;
			baseConfigurationReference = B8645ED068D067C9E5C75147 /* Pods-TerraTests.release.xcconfig */;
			buildSettings = {
				ALWAYS_EMBED_SWIFT_STANDARD_LIBRARIES = YES;
				BUNDLE_LOADER = "$(TEST_HOST)";
				CODE_SIGN_STYLE = Automatic;
				DEVELOPMENT_TEAM = 5CMXYD37HJ;
				INFOPLIST_FILE = TerraTests/Info.plist;
				IPHONEOS_DEPLOYMENT_TARGET = 13.2;
				LD_RUNPATH_SEARCH_PATHS = (
					"$(inherited)",
					"@executable_path/Frameworks",
					"@loader_path/Frameworks",
				);
				PRODUCT_BUNDLE_IDENTIFIER = Antnee.TerraTests;
				PRODUCT_NAME = "$(TARGET_NAME)";
				SWIFT_VERSION = 5.0;
				TARGETED_DEVICE_FAMILY = "1,2";
				TEST_HOST = "$(BUILT_PRODUCTS_DIR)/Terra.app/Terra";
			};
			name = Release;
		};
/* End XCBuildConfiguration section */

/* Begin XCConfigurationList section */
		979C190B23DE43E900651B2B /* Build configuration list for PBXProject "Terra" */ = {
			isa = XCConfigurationList;
			buildConfigurations = (
				979C192D23DE43EF00651B2B /* Debug */,
				979C192E23DE43EF00651B2B /* Release */,
			);
			defaultConfigurationIsVisible = 0;
			defaultConfigurationName = Release;
		};
		979C192F23DE43EF00651B2B /* Build configuration list for PBXNativeTarget "Terra" */ = {
			isa = XCConfigurationList;
			buildConfigurations = (
				979C193023DE43EF00651B2B /* Debug */,
				979C193123DE43EF00651B2B /* Release */,
			);
			defaultConfigurationIsVisible = 0;
			defaultConfigurationName = Release;
		};
		979C193223DE43EF00651B2B /* Build configuration list for PBXNativeTarget "TerraTests" */ = {
			isa = XCConfigurationList;
			buildConfigurations = (
				979C193323DE43EF00651B2B /* Debug */,
				979C193423DE43EF00651B2B /* Release */,
			);
			defaultConfigurationIsVisible = 0;
			defaultConfigurationName = Release;
		};
/* End XCConfigurationList section */
	};
	rootObject = 979C190823DE43E900651B2B /* Project object */;
}
